
Microsoft Visual Studio Solution File, Format Version 12.00
# Visual Studio Version 16
VisualStudioVersion = 16.0.30320.27
MinimumVisualStudioVersion = 10.0.40219.1
Project("{FAE04EC0-301F-11D3-BF4B-00C04F79EFBC}") = "DemoLibrary", "DemoLibrary\DemoLibrary.csproj", "{802DEF92-F71F-4A35-ABDA-EEBA3491172B}"
EndProject
Project("{FAE04EC0-301F-11D3-BF4B-00C04F79EFBC}") = "DemoUI", "DemoUI\DemoUI.csproj", "{C392F732-88AA-4E97-80F3-AD2ECD8B8DB1}"
EndProject
Global
	GlobalSection(SolutionConfigurationPlatforms) = preSolution
		Debug|Any CPU = Debug|Any CPU
		Release|Any CPU = Release|Any CPU
	EndGlobalSection
	GlobalSection(ProjectConfigurationPlatforms) = postSolution
		{802DEF92-F71F-4A35-ABDA-EEBA3491172B}.Debug|Any CPU.ActiveCfg = Debug|Any CPU
		{802DEF92-F71F-4A35-ABDA-EEBA3491172B}.Debug|Any CPU.Build.0 = Debug|Any CPU
		{802DEF92-F71F-4A35-ABDA-EEBA3491172B}.Release|Any CPU.ActiveCfg = Release|Any CPU
		{802DEF92-F71F-4A35-ABDA-EEBA3491172B}.Release|Any CPU.Build.0 = Release|Any CPU
		{C392F732-88AA-4E97-80F3-AD2ECD8B8DB1}.Debug|Any CPU.ActiveCfg = Debug|Any CPU
		{C392F732-88AA-4E97-80F3-AD2ECD8B8DB1}.Debug|Any CPU.Build.0 = Debug|Any CPU
		{C392F732-88AA-4E97-80F3-AD2ECD8B8DB1}.Release|Any CPU.ActiveCfg = Release|Any CPU
		{C392F732-88AA-4E97-80F3-AD2ECD8B8DB1}.Release|Any CPU.Build.0 = Release|Any CPU
	EndGlobalSection
	GlobalSection(SolutionProperties) = preSolution
		HideSolutionNode = FALSE
	EndGlobalSection
	GlobalSection(ExtensibilityGlobals) = postSolution
		SolutionGuid = {50330BB4-4E8B-489E-94AB-F09F573E40CE}
	EndGlobalSection
EndGlobal
